// !$*UTF8*$!
{
	archiveVersion = 1;
	classes = {
	};
	objectVersion = 56;
	objects = {

/* Begin PBXBuildFile section */
		C40D1B072A96B269002F5A0B /* DetailScreen.swift in Sources */ = {isa = PBXBuildFile; fileRef = C40D1B062A96B269002F5A0B /* DetailScreen.swift */; };
		C40D1B092A96B27B002F5A0B /* DetailViewController.swift in Sources */ = {isa = PBXBuildFile; fileRef = C40D1B082A96B27B002F5A0B /* DetailViewController.swift */; };
		C4D8A6472A944D1800B71F22 /* AppDelegate.swift in Sources */ = {isa = PBXBuildFile; fileRef = C4D8A6462A944D1800B71F22 /* AppDelegate.swift */; };
		C4D8A6492A944D1800B71F22 /* SceneDelegate.swift in Sources */ = {isa = PBXBuildFile; fileRef = C4D8A6482A944D1800B71F22 /* SceneDelegate.swift */; };
		C4D8A64B2A944D1800B71F22 /* HomeViewController.swift in Sources */ = {isa = PBXBuildFile; fileRef = C4D8A64A2A944D1800B71F22 /* HomeViewController.swift */; };
		C4D8A6502A944D1900B71F22 /* Assets.xcassets in Resources */ = {isa = PBXBuildFile; fileRef = C4D8A64F2A944D1900B71F22 /* Assets.xcassets */; };
		C4D8A6532A944D1900B71F22 /* LaunchScreen.storyboard in Resources */ = {isa = PBXBuildFile; fileRef = C4D8A6512A944D1900B71F22 /* LaunchScreen.storyboard */; };
		C4D8A65F2A944EDC00B71F22 /* NSAttributedString+Extension.swift in Sources */ = {isa = PBXBuildFile; fileRef = C4D8A65C2A944EDC00B71F22 /* NSAttributedString+Extension.swift */; };
		C4D8A6602A944EDC00B71F22 /* UIView+Extension.swift in Sources */ = {isa = PBXBuildFile; fileRef = C4D8A65D2A944EDC00B71F22 /* UIView+Extension.swift */; };
		C4D8A6612A944EDC00B71F22 /* NSTextAttachment+Extension.swift in Sources */ = {isa = PBXBuildFile; fileRef = C4D8A65E2A944EDC00B71F22 /* NSTextAttachment+Extension.swift */; };
		C4D8A6642A944EEE00B71F22 /* CardViewModel.swift in Sources */ = {isa = PBXBuildFile; fileRef = C4D8A6632A944EEE00B71F22 /* CardViewModel.swift */; };
		C4D8A6682A94551F00B71F22 /* HomeScreen.swift in Sources */ = {isa = PBXBuildFile; fileRef = C4D8A6672A94551F00B71F22 /* HomeScreen.swift */; };
		C4D8A66B2A945D7300B71F22 /* CardViewTableViewCell.swift in Sources */ = {isa = PBXBuildFile; fileRef = C4D8A66A2A945D7300B71F22 /* CardViewTableViewCell.swift */; };
		C4D8A66E2A94BC5600B71F22 /* CustomCardView.swift in Sources */ = {isa = PBXBuildFile; fileRef = C4D8A66D2A94BC5600B71F22 /* CustomCardView.swift */; };
		C4D8A6D72A9674B100B71F22 /* CardActionView.swift in Sources */ = {isa = PBXBuildFile; fileRef = C4D8A6D62A9674B100B71F22 /* CardActionView.swift */; };
/* End PBXBuildFile section */

/* Begin PBXFileReference section */
		C40D1B062A96B269002F5A0B /* DetailScreen.swift */ = {isa = PBXFileReference; lastKnownFileType = sourcecode.swift; path = DetailScreen.swift; sourceTree = "<group>"; };
		C40D1B082A96B27B002F5A0B /* DetailViewController.swift */ = {isa = PBXFileReference; lastKnownFileType = sourcecode.swift; path = DetailViewController.swift; sourceTree = "<group>"; };
		C4D8A6432A944D1800B71F22 /* AppMusic.app */ = {isa = PBXFileReference; explicitFileType = wrapper.application; includeInIndex = 0; path = AppMusic.app; sourceTree = BUILT_PRODUCTS_DIR; };
		C4D8A6462A944D1800B71F22 /* AppDelegate.swift */ = {isa = PBXFileReference; lastKnownFileType = sourcecode.swift; path = AppDelegate.swift; sourceTree = "<group>"; };
		C4D8A6482A944D1800B71F22 /* SceneDelegate.swift */ = {isa = PBXFileReference; lastKnownFileType = sourcecode.swift; path = SceneDelegate.swift; sourceTree = "<group>"; };
		C4D8A64A2A944D1800B71F22 /* HomeViewController.swift */ = {isa = PBXFileReference; lastKnownFileType = sourcecode.swift; path = HomeViewController.swift; sourceTree = "<group>"; };
		C4D8A64F2A944D1900B71F22 /* Assets.xcassets */ = {isa = PBXFileReference; lastKnownFileType = folder.assetcatalog; path = Assets.xcassets; sourceTree = "<group>"; };
		C4D8A6522A944D1900B71F22 /* Base */ = {isa = PBXFileReference; lastKnownFileType = file.storyboard; name = Base; path = Base.lproj/LaunchScreen.storyboard; sourceTree = "<group>"; };
		C4D8A6542A944D1900B71F22 /* Info.plist */ = {isa = PBXFileReference; lastKnownFileType = text.plist.xml; path = Info.plist; sourceTree = "<group>"; };
		C4D8A65C2A944EDC00B71F22 /* NSAttributedString+Extension.swift */ = {isa = PBXFileReference; fileEncoding = 4; lastKnownFileType = sourcecode.swift; path = "NSAttributedString+Extension.swift"; sourceTree = "<group>"; };
		C4D8A65D2A944EDC00B71F22 /* UIView+Extension.swift */ = {isa = PBXFileReference; fileEncoding = 4; lastKnownFileType = sourcecode.swift; path = "UIView+Extension.swift"; sourceTree = "<group>"; };
		C4D8A65E2A944EDC00B71F22 /* NSTextAttachment+Extension.swift */ = {isa = PBXFileReference; fileEncoding = 4; lastKnownFileType = sourcecode.swift; path = "NSTextAttachment+Extension.swift"; sourceTree = "<group>"; };
		C4D8A6632A944EEE00B71F22 /* CardViewModel.swift */ = {isa = PBXFileReference; fileEncoding = 4; lastKnownFileType = sourcecode.swift; path = CardViewModel.swift; sourceTree = "<group>"; };
		C4D8A6672A94551F00B71F22 /* HomeScreen.swift */ = {isa = PBXFileReference; lastKnownFileType = sourcecode.swift; path = HomeScreen.swift; sourceTree = "<group>"; };
		C4D8A66A2A945D7300B71F22 /* CardViewTableViewCell.swift */ = {isa = PBXFileReference; lastKnownFileType = sourcecode.swift; path = CardViewTableViewCell.swift; sourceTree = "<group>"; };
		C4D8A66D2A94BC5600B71F22 /* CustomCardView.swift */ = {isa = PBXFileReference; lastKnownFileType = sourcecode.swift; path = CustomCardView.swift; sourceTree = "<group>"; };
		C4D8A6D62A9674B100B71F22 /* CardActionView.swift */ = {isa = PBXFileReference; lastKnownFileType = sourcecode.swift; path = CardActionView.swift; sourceTree = "<group>"; };
/* End PBXFileReference section */

/* Begin PBXFrameworksBuildPhase section */
		C4D8A6402A944D1800B71F22 /* Frameworks */ = {
			isa = PBXFrameworksBuildPhase;
			buildActionMask = 2147483647;
			files = (
			);
			runOnlyForDeploymentPostprocessing = 0;
		};
/* End PBXFrameworksBuildPhase section */

/* Begin PBXGroup section */
		C40D1B042A96B229002F5A0B /* Detail */ = {
			isa = PBXGroup;
			children = (
				C40D1B052A96B251002F5A0B /* Screen */,
				C40D1B082A96B27B002F5A0B /* DetailViewController.swift */,
			);
			path = Detail;
			sourceTree = "<group>";
		};
		C40D1B052A96B251002F5A0B /* Screen */ = {
			isa = PBXGroup;
			children = (
				C40D1B062A96B269002F5A0B /* DetailScreen.swift */,
			);
			path = Screen;
			sourceTree = "<group>";
		};
		C4D8A63A2A944D1700B71F22 = {
			isa = PBXGroup;
			children = (
				C4D8A6452A944D1800B71F22 /* AppMusic */,
				C4D8A6442A944D1800B71F22 /* Products */,
			);
			sourceTree = "<group>";
		};
		C4D8A6442A944D1800B71F22 /* Products */ = {
			isa = PBXGroup;
			children = (
				C4D8A6432A944D1800B71F22 /* AppMusic.app */,
			);
			name = Products;
			sourceTree = "<group>";
		};
		C4D8A6452A944D1800B71F22 /* AppMusic */ = {
			isa = PBXGroup;
			children = (
				C4D8A65B2A944EDC00B71F22 /* Extension */,
				C4D8A6622A944EEE00B71F22 /* Model */,
				C4D8A66C2A94BC3B00B71F22 /* CustomView */,
				C4D8A6692A945D5300B71F22 /* Cell */,
				C4D8A6652A94550000B71F22 /* Home */,
				C40D1B042A96B229002F5A0B /* Detail */,
				C4D8A65A2A944E4F00B71F22 /* Resource */,
				C4D8A6542A944D1900B71F22 /* Info.plist */,
			);
			path = AppMusic;
			sourceTree = "<group>";
		};
		C4D8A65A2A944E4F00B71F22 /* Resource */ = {
			isa = PBXGroup;
			children = (
				C4D8A6462A944D1800B71F22 /* AppDelegate.swift */,
				C4D8A6482A944D1800B71F22 /* SceneDelegate.swift */,
				C4D8A64F2A944D1900B71F22 /* Assets.xcassets */,
				C4D8A6512A944D1900B71F22 /* LaunchScreen.storyboard */,
			);
			path = Resource;
			sourceTree = "<group>";
		};
		C4D8A65B2A944EDC00B71F22 /* Extension */ = {
			isa = PBXGroup;
			children = (
				C4D8A65C2A944EDC00B71F22 /* NSAttributedString+Extension.swift */,
				C4D8A65D2A944EDC00B71F22 /* UIView+Extension.swift */,
				C4D8A65E2A944EDC00B71F22 /* NSTextAttachment+Extension.swift */,
			);
			path = Extension;
			sourceTree = "<group>";
		};
		C4D8A6622A944EEE00B71F22 /* Model */ = {
			isa = PBXGroup;
			children = (
				C4D8A6632A944EEE00B71F22 /* CardViewModel.swift */,
			);
			path = Model;
			sourceTree = "<group>";
		};
		C4D8A6652A94550000B71F22 /* Home */ = {
			isa = PBXGroup;
			children = (
				C4D8A6662A94550D00B71F22 /* Screen */,
				C4D8A64A2A944D1800B71F22 /* HomeViewController.swift */,
			);
			path = Home;
			sourceTree = "<group>";
		};
		C4D8A6662A94550D00B71F22 /* Screen */ = {
			isa = PBXGroup;
			children = (
				C4D8A6672A94551F00B71F22 /* HomeScreen.swift */,
			);
			path = Screen;
			sourceTree = "<group>";
		};
		C4D8A6692A945D5300B71F22 /* Cell */ = {
			isa = PBXGroup;
			children = (
				C4D8A66A2A945D7300B71F22 /* CardViewTableViewCell.swift */,
			);
			path = Cell;
			sourceTree = "<group>";
		};
		C4D8A66C2A94BC3B00B71F22 /* CustomView */ = {
			isa = PBXGroup;
			children = (
				C4D8A66D2A94BC5600B71F22 /* CustomCardView.swift */,
				C4D8A6D62A9674B100B71F22 /* CardActionView.swift */,
			);
			path = CustomView;
			sourceTree = "<group>";
		};
/* End PBXGroup section */

/* Begin PBXNativeTarget section */
		C4D8A6422A944D1800B71F22 /* AppMusic */ = {
			isa = PBXNativeTarget;
			buildConfigurationList = C4D8A6572A944D1900B71F22 /* Build configuration list for PBXNativeTarget "AppMusic" */;
			buildPhases = (
				C4D8A63F2A944D1800B71F22 /* Sources */,
				C4D8A6402A944D1800B71F22 /* Frameworks */,
				C4D8A6412A944D1800B71F22 /* Resources */,
			);
			buildRules = (
			);
			dependencies = (
			);
			name = AppMusic;
			productName = AppMusic;
			productReference = C4D8A6432A944D1800B71F22 /* AppMusic.app */;
			productType = "com.apple.product-type.application";
		};
/* End PBXNativeTarget section */

/* Begin PBXProject section */
		C4D8A63B2A944D1700B71F22 /* Project object */ = {
			isa = PBXProject;
			attributes = {
				BuildIndependentTargetsInParallel = 1;
				LastSwiftUpdateCheck = 1430;
				LastUpgradeCheck = 1430;
				TargetAttributes = {
					C4D8A6422A944D1800B71F22 = {
						CreatedOnToolsVersion = 14.3.1;
					};
				};
			};
			buildConfigurationList = C4D8A63E2A944D1700B71F22 /* Build configuration list for PBXProject "AppMusic" */;
			compatibilityVersion = "Xcode 14.0";
			developmentRegion = en;
			hasScannedForEncodings = 0;
			knownRegions = (
				en,
				Base,
			);
			mainGroup = C4D8A63A2A944D1700B71F22;
			productRefGroup = C4D8A6442A944D1800B71F22 /* Products */;
			projectDirPath = "";
			projectRoot = "";
			targets = (
				C4D8A6422A944D1800B71F22 /* AppMusic */,
			);
		};
/* End PBXProject section */

/* Begin PBXResourcesBuildPhase section */
		C4D8A6412A944D1800B71F22 /* Resources */ = {
			isa = PBXResourcesBuildPhase;
			buildActionMask = 2147483647;
			files = (
				C4D8A6532A944D1900B71F22 /* LaunchScreen.storyboard in Resources */,
				C4D8A6502A944D1900B71F22 /* Assets.xcassets in Resources */,
			);
			runOnlyForDeploymentPostprocessing = 0;
		};
/* End PBXResourcesBuildPhase section */

/* Begin PBXSourcesBuildPhase section */
		C4D8A63F2A944D1800B71F22 /* Sources */ = {
			isa = PBXSourcesBuildPhase;
			buildActionMask = 2147483647;
			files = (
				C40D1B092A96B27B002F5A0B /* DetailViewController.swift in Sources */,
				C4D8A66B2A945D7300B71F22 /* CardViewTableViewCell.swift in Sources */,
				C4D8A64B2A944D1800B71F22 /* HomeViewController.swift in Sources */,
				C4D8A6472A944D1800B71F22 /* AppDelegate.swift in Sources */,
				C4D8A6612A944EDC00B71F22 /* NSTextAttachment+Extension.swift in Sources */,
				C4D8A6492A944D1800B71F22 /* SceneDelegate.swift in Sources */,
				C4D8A6682A94551F00B71F22 /* HomeScreen.swift in Sources */,
				C4D8A6D72A9674B100B71F22 /* CardActionView.swift in Sources */,
				C4D8A6602A944EDC00B71F22 /* UIView+Extension.swift in Sources */,
				C40D1B072A96B269002F5A0B /* DetailScreen.swift in Sources */,
				C4D8A66E2A94BC5600B71F22 /* CustomCardView.swift in Sources */,
				C4D8A65F2A944EDC00B71F22 /* NSAttributedString+Extension.swift in Sources */,
				C4D8A6642A944EEE00B71F22 /* CardViewModel.swift in Sources */,
			);
			runOnlyForDeploymentPostprocessing = 0;
		};
/* End PBXSourcesBuildPhase section */

/* Begin PBXVariantGroup section */
		C4D8A6512A944D1900B71F22 /* LaunchScreen.storyboard */ = {
			isa = PBXVariantGroup;
			children = (
				C4D8A6522A944D1900B71F22 /* Base */,
			);
			name = LaunchScreen.storyboard;
			sourceTree = "<group>";
		};
/* End PBXVariantGroup section */

/* Begin XCBuildConfiguration section */
		C4D8A6552A944D1900B71F22 /* Debug */ = {
			isa = XCBuildConfiguration;
			buildSettings = {
				ALWAYS_SEARCH_USER_PATHS = NO;
				CLANG_ANALYZER_NONNULL = YES;
				CLANG_ANALYZER_NUMBER_OBJECT_CONVERSION = YES_AGGRESSIVE;
				CLANG_CXX_LANGUAGE_STANDARD = "gnu++20";
				CLANG_ENABLE_MODULES = YES;
				CLANG_ENABLE_OBJC_ARC = YES;
				CLANG_ENABLE_OBJC_WEAK = YES;
				CLANG_WARN_BLOCK_CAPTURE_AUTORELEASING = YES;
				CLANG_WARN_BOOL_CONVERSION = YES;
				CLANG_WARN_COMMA = YES;
				CLANG_WARN_CONSTANT_CONVERSION = YES;
				CLANG_WARN_DEPRECATED_OBJC_IMPLEMENTATIONS = YES;
				CLANG_WARN_DIRECT_OBJC_ISA_USAGE = YES_ERROR;
				CLANG_WARN_DOCUMENTATION_COMMENTS = YES;
				CLANG_WARN_EMPTY_BODY = YES;
				CLANG_WARN_ENUM_CONVERSION = YES;
				CLANG_WARN_INFINITE_RECURSION = YES;
				CLANG_WARN_INT_CONVERSION = YES;
				CLANG_WARN_NON_LITERAL_NULL_CONVERSION = YES;
				CLANG_WARN_OBJC_IMPLICIT_RETAIN_SELF = YES;
				CLANG_WARN_OBJC_LITERAL_CONVERSION = YES;
				CLANG_WARN_OBJC_ROOT_CLASS = YES_ERROR;
				CLANG_WARN_QUOTED_INCLUDE_IN_FRAMEWORK_HEADER = YES;
				CLANG_WARN_RANGE_LOOP_ANALYSIS = YES;
				CLANG_WARN_STRICT_PROTOTYPES = YES;
				CLANG_WARN_SUSPICIOUS_MOVE = YES;
				CLANG_WARN_UNGUARDED_AVAILABILITY = YES_AGGRESSIVE;
				CLANG_WARN_UNREACHABLE_CODE = YES;
				CLANG_WARN__DUPLICATE_METHOD_MATCH = YES;
				COPY_PHASE_STRIP = NO;
				DEBUG_INFORMATION_FORMAT = dwarf;
				ENABLE_STRICT_OBJC_MSGSEND = YES;
				ENABLE_TESTABILITY = YES;
				GCC_C_LANGUAGE_STANDARD = gnu11;
				GCC_DYNAMIC_NO_PIC = NO;
				GCC_NO_COMMON_BLOCKS = YES;
				GCC_OPTIMIZATION_LEVEL = 0;
				GCC_PREPROCESSOR_DEFINITIONS = (
					"DEBUG=1",
					"$(inherited)",
				);
				GCC_WARN_64_TO_32_BIT_CONVERSION = YES;
				GCC_WARN_ABOUT_RETURN_TYPE = YES_ERROR;
				GCC_WARN_UNDECLARED_SELECTOR = YES;
				GCC_WARN_UNINITIALIZED_AUTOS = YES_AGGRESSIVE;
				GCC_WARN_UNUSED_FUNCTION = YES;
				GCC_WARN_UNUSED_VARIABLE = YES;
				IPHONEOS_DEPLOYMENT_TARGET = 16.4;
				MTL_ENABLE_DEBUG_INFO = INCLUDE_SOURCE;
				MTL_FAST_MATH = YES;
				ONLY_ACTIVE_ARCH = YES;
				SDKROOT = iphoneos;
				SWIFT_ACTIVE_COMPILATION_CONDITIONS = DEBUG;
				SWIFT_OPTIMIZATION_LEVEL = "-Onone";
			};
			name = Debug;
		};
		C4D8A6562A944D1900B71F22 /* Release */ = {
			isa = XCBuildConfiguration;
			buildSettings = {
				ALWAYS_SEARCH_USER_PATHS = NO;
				CLANG_ANALYZER_NONNULL = YES;
				CLANG_ANALYZER_NUMBER_OBJECT_CONVERSION = YES_AGGRESSIVE;
				CLANG_CXX_LANGUAGE_STANDARD = "gnu++20";
				CLANG_ENABLE_MODULES = YES;
				CLANG_ENABLE_OBJC_ARC = YES;
				CLANG_ENABLE_OBJC_WEAK = YES;
				CLANG_WARN_BLOCK_CAPTURE_AUTORELEASING = YES;
				CLANG_WARN_BOOL_CONVERSION = YES;
				CLANG_WARN_COMMA = YES;
				CLANG_WARN_CONSTANT_CONVERSION = YES;
				CLANG_WARN_DEPRECATED_OBJC_IMPLEMENTATIONS = YES;
				CLANG_WARN_DIRECT_OBJC_ISA_USAGE = YES_ERROR;
				CLANG_WARN_DOCUMENTATION_COMMENTS = YES;
				CLANG_WARN_EMPTY_BODY = YES;
				CLANG_WARN_ENUM_CONVERSION = YES;
				CLANG_WARN_INFINITE_RECURSION = YES;
				CLANG_WARN_INT_CONVERSION = YES;
				CLANG_WARN_NON_LITERAL_NULL_CONVERSION = YES;
				CLANG_WARN_OBJC_IMPLICIT_RETAIN_SELF = YES;
				CLANG_WARN_OBJC_LITERAL_CONVERSION = YES;
				CLANG_WARN_OBJC_ROOT_CLASS = YES_ERROR;
				CLANG_WARN_QUOTED_INCLUDE_IN_FRAMEWORK_HEADER = YES;
				CLANG_WARN_RANGE_LOOP_ANALYSIS = YES;
				CLANG_WARN_STRICT_PROTOTYPES = YES;
				CLANG_WARN_SUSPICIOUS_MOVE = YES;
				CLANG_WARN_UNGUARDED_AVAILABILITY = YES_AGGRESSIVE;
				CLANG_WARN_UNREACHABLE_CODE = YES;
				CLANG_WARN__DUPLICATE_METHOD_MATCH = YES;
				COPY_PHASE_STRIP = NO;
				DEBUG_INFORMATION_FORMAT = "dwarf-with-dsym";
				ENABLE_NS_ASSERTIONS = NO;
				ENABLE_STRICT_OBJC_MSGSEND = YES;
				GCC_C_LANGUAGE_STANDARD = gnu11;
				GCC_NO_COMMON_BLOCKS = YES;
				GCC_WARN_64_TO_32_BIT_CONVERSION = YES;
				GCC_WARN_ABOUT_RETURN_TYPE = YES_ERROR;
				GCC_WARN_UNDECLARED_SELECTOR = YES;
				GCC_WARN_UNINITIALIZED_AUTOS = YES_AGGRESSIVE;
				GCC_WARN_UNUSED_FUNCTION = YES;
				GCC_WARN_UNUSED_VARIABLE = YES;
				IPHONEOS_DEPLOYMENT_TARGET = 16.4;
				MTL_ENABLE_DEBUG_INFO = NO;
				MTL_FAST_MATH = YES;
				SDKROOT = iphoneos;
				SWIFT_COMPILATION_MODE = wholemodule;
				SWIFT_OPTIMIZATION_LEVEL = "-O";
				VALIDATE_PRODUCT = YES;
			};
			name = Release;
		};
		C4D8A6582A944D1900B71F22 /* Debug */ = {
			isa = XCBuildConfiguration;
			buildSettings = {
				ASSETCATALOG_COMPILER_APPICON_NAME = AppIcon;
				ASSETCATALOG_COMPILER_GLOBAL_ACCENT_COLOR_NAME = AccentColor;
				CODE_SIGN_STYLE = Automatic;
				CURRENT_PROJECT_VERSION = 1;
				GENERATE_INFOPLIST_FILE = YES;
				INFOPLIST_FILE = AppMusic/Info.plist;
				INFOPLIST_KEY_CFBundleDisplayName = Music;
				INFOPLIST_KEY_UIApplicationSupportsIndirectInputEvents = YES;
				INFOPLIST_KEY_UILaunchStoryboardName = LaunchScreen;
				INFOPLIST_KEY_UIMainStoryboardFile = "";
				INFOPLIST_KEY_UISupportedInterfaceOrientations_iPad = "UIInterfaceOrientationPortrait UIInterfaceOrientationPortraitUpsideDown UIInterfaceOrientationLandscapeLeft UIInterfaceOrientationLandscapeRight";
				INFOPLIST_KEY_UISupportedInterfaceOrientations_iPhone = "UIInterfaceOrientationPortrait UIInterfaceOrientationLandscapeLeft UIInterfaceOrientationLandscapeRight";
				LD_RUNPATH_SEARCH_PATHS = (
					"$(inherited)",
					"@executable_path/Frameworks",
				);
				MARKETING_VERSION = 1.0;
				PRODUCT_BUNDLE_IDENTIFIER = GabrielMors.AppMusic;
				PRODUCT_NAME = "$(TARGET_NAME)";
				SWIFT_EMIT_LOC_STRINGS = YES;
				SWIFT_VERSION = 5.0;
				TARGETED_DEVICE_FAMILY = "1,2";
			};
			name = Debug;
		};
		C4D8A6592A944D1900B71F22 /* Release */ = {
			isa = XCBuildConfiguration;
			buildSettings = {
				ASSETCATALOG_COMPILER_APPICON_NAME = AppIcon;
				ASSETCATALOG_COMPILER_GLOBAL_ACCENT_COLOR_NAME = AccentColor;
				CODE_SIGN_STYLE = Automatic;
				CURRENT_PROJECT_VERSION = 1;
				GENERATE_INFOPLIST_FILE = YES;
				INFOPLIST_FILE = AppMusic/Info.plist;
				INFOPLIST_KEY_CFBundleDisplayName = Music;
				INFOPLIST_KEY_UIApplicationSupportsIndirectInputEvents = YES;
				INFOPLIST_KEY_UILaunchStoryboardName = LaunchScreen;
				INFOPLIST_KEY_UIMainStoryboardFile = "";
				INFOPLIST_KEY_UISupportedInterfaceOrientations_iPad = "UIInterfaceOrientationPortrait UIInterfaceOrientationPortraitUpsideDown UIInterfaceOrientationLandscapeLeft UIInterfaceOrientationLandscapeRight";
				INFOPLIST_KEY_UISupportedInterfaceOrientations_iPhone = "UIInterfaceOrientationPortrait UIInterfaceOrientationLandscapeLeft UIInterfaceOrientationLandscapeRight";
				LD_RUNPATH_SEARCH_PATHS = (
					"$(inherited)",
					"@executable_path/Frameworks",
				);
				MARKETING_VERSION = 1.0;
				PRODUCT_BUNDLE_IDENTIFIER = GabrielMors.AppMusic;
				PRODUCT_NAME = "$(TARGET_NAME)";
				SWIFT_EMIT_LOC_STRINGS = YES;
				SWIFT_VERSION = 5.0;
				TARGETED_DEVICE_FAMILY = "1,2";
			};
			name = Release;
		};
/* End XCBuildConfiguration section */

/* Begin XCConfigurationList section */
		C4D8A63E2A944D1700B71F22 /* Build configuration list for PBXProject "AppMusic" */ = {
			isa = XCConfigurationList;
			buildConfigurations = (
				C4D8A6552A944D1900B71F22 /* Debug */,
				C4D8A6562A944D1900B71F22 /* Release */,
			);
			defaultConfigurationIsVisible = 0;
			defaultConfigurationName = Release;
		};
		C4D8A6572A944D1900B71F22 /* Build configuration list for PBXNativeTarget "AppMusic" */ = {
			isa = XCConfigurationList;
			buildConfigurations = (
				C4D8A6582A944D1900B71F22 /* Debug */,
				C4D8A6592A944D1900B71F22 /* Release */,
			);
			defaultConfigurationIsVisible = 0;
			defaultConfigurationName = Release;
		};
/* End XCConfigurationList section */
	};
	rootObject = C4D8A63B2A944D1700B71F22 /* Project object */;
}
