// !$*UTF8*$!
{
	archiveVersion = 1;
	classes = {
	};
	objectVersion = 56;
	objects = {

/* Begin PBXBuildFile section */
		326472549C094572E55466F1 /* Pods_AppMusic.framework in Frameworks */ = {isa = PBXBuildFile; fileRef = 666587937120A1B98F4758F5 /* Pods_AppMusic.framework */; };
		C46BE9F22A9B973F0060BDF7 /* CardViewTableViewCell.swift in Sources */ = {isa = PBXBuildFile; fileRef = C46BE9F12A9B973F0060BDF7 /* CardViewTableViewCell.swift */; };
		C4D8A6472A944D1800B71F22 /* AppDelegate.swift in Sources */ = {isa = PBXBuildFile; fileRef = C4D8A6462A944D1800B71F22 /* AppDelegate.swift */; };
		C4D8A6492A944D1800B71F22 /* SceneDelegate.swift in Sources */ = {isa = PBXBuildFile; fileRef = C4D8A6482A944D1800B71F22 /* SceneDelegate.swift */; };
		C4D8A6502A944D1900B71F22 /* Assets.xcassets in Resources */ = {isa = PBXBuildFile; fileRef = C4D8A64F2A944D1900B71F22 /* Assets.xcassets */; };
		C4D8A6532A944D1900B71F22 /* LaunchScreen.storyboard in Resources */ = {isa = PBXBuildFile; fileRef = C4D8A6512A944D1900B71F22 /* LaunchScreen.storyboard */; };
		C4EF396A2A98D04100B3203F /* CustomNavBar.swift in Sources */ = {isa = PBXBuildFile; fileRef = C4EF39532A98D04000B3203F /* CustomNavBar.swift */; };
		C4EF396B2A98D04100B3203F /* CustomCardView.swift in Sources */ = {isa = PBXBuildFile; fileRef = C4EF39542A98D04000B3203F /* CustomCardView.swift */; };
		C4EF396C2A98D04100B3203F /* CardActionView.swift in Sources */ = {isa = PBXBuildFile; fileRef = C4EF39552A98D04000B3203F /* CardActionView.swift */; };
		C4EF396D2A98D04100B3203F /* CustomPlayerView.swift in Sources */ = {isa = PBXBuildFile; fileRef = C4EF39562A98D04000B3203F /* CustomPlayerView.swift */; };
		C4EF396E2A98D04100B3203F /* HomeViewController.swift in Sources */ = {isa = PBXBuildFile; fileRef = C4EF39582A98D04000B3203F /* HomeViewController.swift */; };
		C4EF396F2A98D04100B3203F /* HomeViewControllerScreen.swift in Sources */ = {isa = PBXBuildFile; fileRef = C4EF395A2A98D04100B3203F /* HomeViewControllerScreen.swift */; };
		C4EF39702A98D04100B3203F /* DetailViewController.swift in Sources */ = {isa = PBXBuildFile; fileRef = C4EF395C2A98D04100B3203F /* DetailViewController.swift */; };
		C4EF39712A98D04100B3203F /* DetailTableViewCell.swift in Sources */ = {isa = PBXBuildFile; fileRef = C4EF395E2A98D04100B3203F /* DetailTableViewCell.swift */; };
		C4EF39722A98D04100B3203F /* DetailTableViewCellScreen.swift in Sources */ = {isa = PBXBuildFile; fileRef = C4EF39602A98D04100B3203F /* DetailTableViewCellScreen.swift */; };
		C4EF39732A98D04100B3203F /* DetailScreen.swift in Sources */ = {isa = PBXBuildFile; fileRef = C4EF39622A98D04100B3203F /* DetailScreen.swift */; };
		C4EF39742A98D04100B3203F /* NSAttributedString+Extension.swift in Sources */ = {isa = PBXBuildFile; fileRef = C4EF39642A98D04100B3203F /* NSAttributedString+Extension.swift */; };
		C4EF39752A98D04100B3203F /* UIView+Extension.swift in Sources */ = {isa = PBXBuildFile; fileRef = C4EF39652A98D04100B3203F /* UIView+Extension.swift */; };
		C4EF39762A98D04100B3203F /* NSTextAttachment+Extension.swift in Sources */ = {isa = PBXBuildFile; fileRef = C4EF39662A98D04100B3203F /* NSTextAttachment+Extension.swift */; };
		C4EF39772A98D04100B3203F /* CardViewModel.swift in Sources */ = {isa = PBXBuildFile; fileRef = C4EF39682A98D04100B3203F /* CardViewModel.swift */; };
/* End PBXBuildFile section */

/* Begin PBXFileReference section */
		666587937120A1B98F4758F5 /* Pods_AppMusic.framework */ = {isa = PBXFileReference; explicitFileType = wrapper.framework; includeInIndex = 0; path = Pods_AppMusic.framework; sourceTree = BUILT_PRODUCTS_DIR; };
		AD696F05D68B76C0790C659D /* Pods-AppMusic.debug.xcconfig */ = {isa = PBXFileReference; includeInIndex = 1; lastKnownFileType = text.xcconfig; name = "Pods-AppMusic.debug.xcconfig"; path = "Target Support Files/Pods-AppMusic/Pods-AppMusic.debug.xcconfig"; sourceTree = "<group>"; };
		AD6A71F4012319E8CCD4AA73 /* Pods-AppMusic.release.xcconfig */ = {isa = PBXFileReference; includeInIndex = 1; lastKnownFileType = text.xcconfig; name = "Pods-AppMusic.release.xcconfig"; path = "Target Support Files/Pods-AppMusic/Pods-AppMusic.release.xcconfig"; sourceTree = "<group>"; };
		C46BE9F12A9B973F0060BDF7 /* CardViewTableViewCell.swift */ = {isa = PBXFileReference; fileEncoding = 4; lastKnownFileType = sourcecode.swift; path = CardViewTableViewCell.swift; sourceTree = "<group>"; };
		C4D8A6432A944D1800B71F22 /* AppMusic.app */ = {isa = PBXFileReference; explicitFileType = wrapper.application; includeInIndex = 0; path = AppMusic.app; sourceTree = BUILT_PRODUCTS_DIR; };
		C4D8A6462A944D1800B71F22 /* AppDelegate.swift */ = {isa = PBXFileReference; lastKnownFileType = sourcecode.swift; path = AppDelegate.swift; sourceTree = "<group>"; };
		C4D8A6482A944D1800B71F22 /* SceneDelegate.swift */ = {isa = PBXFileReference; lastKnownFileType = sourcecode.swift; path = SceneDelegate.swift; sourceTree = "<group>"; };
		C4D8A64F2A944D1900B71F22 /* Assets.xcassets */ = {isa = PBXFileReference; lastKnownFileType = folder.assetcatalog; path = Assets.xcassets; sourceTree = "<group>"; };
		C4D8A6522A944D1900B71F22 /* Base */ = {isa = PBXFileReference; lastKnownFileType = file.storyboard; name = Base; path = Base.lproj/LaunchScreen.storyboard; sourceTree = "<group>"; };
		C4D8A6542A944D1900B71F22 /* Info.plist */ = {isa = PBXFileReference; lastKnownFileType = text.plist.xml; path = Info.plist; sourceTree = "<group>"; };
		C4EF39532A98D04000B3203F /* CustomNavBar.swift */ = {isa = PBXFileReference; fileEncoding = 4; lastKnownFileType = sourcecode.swift; path = CustomNavBar.swift; sourceTree = "<group>"; };
		C4EF39542A98D04000B3203F /* CustomCardView.swift */ = {isa = PBXFileReference; fileEncoding = 4; lastKnownFileType = sourcecode.swift; path = CustomCardView.swift; sourceTree = "<group>"; };
		C4EF39552A98D04000B3203F /* CardActionView.swift */ = {isa = PBXFileReference; fileEncoding = 4; lastKnownFileType = sourcecode.swift; path = CardActionView.swift; sourceTree = "<group>"; };
		C4EF39562A98D04000B3203F /* CustomPlayerView.swift */ = {isa = PBXFileReference; fileEncoding = 4; lastKnownFileType = sourcecode.swift; path = CustomPlayerView.swift; sourceTree = "<group>"; };
		C4EF39582A98D04000B3203F /* HomeViewController.swift */ = {isa = PBXFileReference; fileEncoding = 4; lastKnownFileType = sourcecode.swift; path = HomeViewController.swift; sourceTree = "<group>"; };
		C4EF395A2A98D04100B3203F /* HomeViewControllerScreen.swift */ = {isa = PBXFileReference; fileEncoding = 4; lastKnownFileType = sourcecode.swift; path = HomeViewControllerScreen.swift; sourceTree = "<group>"; };
		C4EF395C2A98D04100B3203F /* DetailViewController.swift */ = {isa = PBXFileReference; fileEncoding = 4; lastKnownFileType = sourcecode.swift; path = DetailViewController.swift; sourceTree = "<group>"; };
		C4EF395E2A98D04100B3203F /* DetailTableViewCell.swift */ = {isa = PBXFileReference; fileEncoding = 4; lastKnownFileType = sourcecode.swift; path = DetailTableViewCell.swift; sourceTree = "<group>"; };
		C4EF39602A98D04100B3203F /* DetailTableViewCellScreen.swift */ = {isa = PBXFileReference; fileEncoding = 4; lastKnownFileType = sourcecode.swift; path = DetailTableViewCellScreen.swift; sourceTree = "<group>"; };
		C4EF39622A98D04100B3203F /* DetailScreen.swift */ = {isa = PBXFileReference; fileEncoding = 4; lastKnownFileType = sourcecode.swift; path = DetailScreen.swift; sourceTree = "<group>"; };
		C4EF39642A98D04100B3203F /* NSAttributedString+Extension.swift */ = {isa = PBXFileReference; fileEncoding = 4; lastKnownFileType = sourcecode.swift; path = "NSAttributedString+Extension.swift"; sourceTree = "<group>"; };
		C4EF39652A98D04100B3203F /* UIView+Extension.swift */ = {isa = PBXFileReference; fileEncoding = 4; lastKnownFileType = sourcecode.swift; path = "UIView+Extension.swift"; sourceTree = "<group>"; };
		C4EF39662A98D04100B3203F /* NSTextAttachment+Extension.swift */ = {isa = PBXFileReference; fileEncoding = 4; lastKnownFileType = sourcecode.swift; path = "NSTextAttachment+Extension.swift"; sourceTree = "<group>"; };
		C4EF39682A98D04100B3203F /* CardViewModel.swift */ = {isa = PBXFileReference; fileEncoding = 4; lastKnownFileType = sourcecode.swift; path = CardViewModel.swift; sourceTree = "<group>"; };
/* End PBXFileReference section */

/* Begin PBXFrameworksBuildPhase section */
		C4D8A6402A944D1800B71F22 /* Frameworks */ = {
			isa = PBXFrameworksBuildPhase;
			buildActionMask = 2147483647;
			files = (
				326472549C094572E55466F1 /* Pods_AppMusic.framework in Frameworks */,
			);
			runOnlyForDeploymentPostprocessing = 0;
		};
/* End PBXFrameworksBuildPhase section */

/* Begin PBXGroup section */
		02135E6B62688447D348C3F3 /* Frameworks */ = {
			isa = PBXGroup;
			children = (
				666587937120A1B98F4758F5 /* Pods_AppMusic.framework */,
			);
			name = Frameworks;
			sourceTree = "<group>";
		};
		5FB7F8680DFD1060C337941C /* Pods */ = {
			isa = PBXGroup;
			children = (
				AD696F05D68B76C0790C659D /* Pods-AppMusic.debug.xcconfig */,
				AD6A71F4012319E8CCD4AA73 /* Pods-AppMusic.release.xcconfig */,
			);
			path = Pods;
			sourceTree = "<group>";
		};
		C46BE9F02A9B973F0060BDF7 /* Cell */ = {
			isa = PBXGroup;
			children = (
				C46BE9F12A9B973F0060BDF7 /* CardViewTableViewCell.swift */,
			);
			name = Cell;
			path = "../../../Downloads/ProjetoFinal-2/AppMusicBF/Cell";
			sourceTree = "<group>";
		};
		C4D8A63A2A944D1700B71F22 = {
			isa = PBXGroup;
			children = (
				C4D8A6452A944D1800B71F22 /* AppMusic */,
				C4D8A6442A944D1800B71F22 /* Products */,
				5FB7F8680DFD1060C337941C /* Pods */,
				02135E6B62688447D348C3F3 /* Frameworks */,
			);
			sourceTree = "<group>";
		};
		C4D8A6442A944D1800B71F22 /* Products */ = {
			isa = PBXGroup;
			children = (
				C4D8A6432A944D1800B71F22 /* AppMusic.app */,
			);
			name = Products;
			sourceTree = "<group>";
		};
		C4D8A6452A944D1800B71F22 /* AppMusic */ = {
			isa = PBXGroup;
			children = (
				C4EF39632A98D04100B3203F /* Extension */,
				C4EF39672A98D04100B3203F /* Model */,
				C4EF39522A98D04000B3203F /* CustomView */,
				C46BE9F02A9B973F0060BDF7 /* Cell */,
				C4EF39572A98D04000B3203F /* Home */,
				C4EF395B2A98D04100B3203F /* Detail */,
				C4D8A65A2A944E4F00B71F22 /* Resource */,
				C4D8A6542A944D1900B71F22 /* Info.plist */,
			);
			path = AppMusic;
			sourceTree = "<group>";
		};
		C4D8A65A2A944E4F00B71F22 /* Resource */ = {
			isa = PBXGroup;
			children = (
				C4D8A6462A944D1800B71F22 /* AppDelegate.swift */,
				C4D8A6482A944D1800B71F22 /* SceneDelegate.swift */,
				C4D8A64F2A944D1900B71F22 /* Assets.xcassets */,
				C4D8A6512A944D1900B71F22 /* LaunchScreen.storyboard */,
			);
			path = Resource;
			sourceTree = "<group>";
		};
		C4EF39522A98D04000B3203F /* CustomView */ = {
			isa = PBXGroup;
			children = (
				C4EF39532A98D04000B3203F /* CustomNavBar.swift */,
				C4EF39542A98D04000B3203F /* CustomCardView.swift */,
				C4EF39552A98D04000B3203F /* CardActionView.swift */,
				C4EF39562A98D04000B3203F /* CustomPlayerView.swift */,
			);
			path = CustomView;
			sourceTree = "<group>";
		};
		C4EF39572A98D04000B3203F /* Home */ = {
			isa = PBXGroup;
			children = (
				C4EF39592A98D04100B3203F /* Screen */,
				C4EF39582A98D04000B3203F /* HomeViewController.swift */,
			);
			path = Home;
			sourceTree = "<group>";
		};
		C4EF39592A98D04100B3203F /* Screen */ = {
			isa = PBXGroup;
			children = (
				C4EF395A2A98D04100B3203F /* HomeViewControllerScreen.swift */,
			);
			path = Screen;
			sourceTree = "<group>";
		};
		C4EF395B2A98D04100B3203F /* Detail */ = {
			isa = PBXGroup;
			children = (
				C4EF395D2A98D04100B3203F /* Cell */,
				C4EF39612A98D04100B3203F /* Screen */,
				C4EF395C2A98D04100B3203F /* DetailViewController.swift */,
			);
			path = Detail;
			sourceTree = "<group>";
		};
		C4EF395D2A98D04100B3203F /* Cell */ = {
			isa = PBXGroup;
			children = (
				C4EF395F2A98D04100B3203F /* Screen */,
				C4EF395E2A98D04100B3203F /* DetailTableViewCell.swift */,
			);
			path = Cell;
			sourceTree = "<group>";
		};
		C4EF395F2A98D04100B3203F /* Screen */ = {
			isa = PBXGroup;
			children = (
				C4EF39602A98D04100B3203F /* DetailTableViewCellScreen.swift */,
			);
			path = Screen;
			sourceTree = "<group>";
		};
		C4EF39612A98D04100B3203F /* Screen */ = {
			isa = PBXGroup;
			children = (
				C4EF39622A98D04100B3203F /* DetailScreen.swift */,
			);
			path = Screen;
			sourceTree = "<group>";
		};
		C4EF39632A98D04100B3203F /* Extension */ = {
			isa = PBXGroup;
			children = (
				C4EF39642A98D04100B3203F /* NSAttributedString+Extension.swift */,
				C4EF39652A98D04100B3203F /* UIView+Extension.swift */,
				C4EF39662A98D04100B3203F /* NSTextAttachment+Extension.swift */,
			);
			path = Extension;
			sourceTree = "<group>";
		};
		C4EF39672A98D04100B3203F /* Model */ = {
			isa = PBXGroup;
			children = (
				C4EF39682A98D04100B3203F /* CardViewModel.swift */,
			);
			path = Model;
			sourceTree = "<group>";
		};
/* End PBXGroup section */

/* Begin PBXNativeTarget section */
		C4D8A6422A944D1800B71F22 /* AppMusic */ = {
			isa = PBXNativeTarget;
			buildConfigurationList = C4D8A6572A944D1900B71F22 /* Build configuration list for PBXNativeTarget "AppMusic" */;
			buildPhases = (
				0C6376BA83FDC624C906C52B /* [CP] Check Pods Manifest.lock */,
				C4D8A63F2A944D1800B71F22 /* Sources */,
				C4D8A6402A944D1800B71F22 /* Frameworks */,
				C4D8A6412A944D1800B71F22 /* Resources */,
				3DC331BBAC8838614B05A9C7 /* [CP] Embed Pods Frameworks */,
			);
			buildRules = (
			);
			dependencies = (
			);
			name = AppMusic;
			productName = AppMusic;
			productReference = C4D8A6432A944D1800B71F22 /* AppMusic.app */;
			productType = "com.apple.product-type.application";
		};
/* End PBXNativeTarget section */

/* Begin PBXProject section */
		C4D8A63B2A944D1700B71F22 /* Project object */ = {
			isa = PBXProject;
			attributes = {
				BuildIndependentTargetsInParallel = 1;
				LastSwiftUpdateCheck = 1430;
				LastUpgradeCheck = 1430;
				TargetAttributes = {
					C4D8A6422A944D1800B71F22 = {
						CreatedOnToolsVersion = 14.3.1;
					};
				};
			};
			buildConfigurationList = C4D8A63E2A944D1700B71F22 /* Build configuration list for PBXProject "AppMusic" */;
			compatibilityVersion = "Xcode 14.0";
			developmentRegion = en;
			hasScannedForEncodings = 0;
			knownRegions = (
				en,
				Base,
			);
			mainGroup = C4D8A63A2A944D1700B71F22;
			productRefGroup = C4D8A6442A944D1800B71F22 /* Products */;
			projectDirPath = "";
			projectRoot = "";
			targets = (
				C4D8A6422A944D1800B71F22 /* AppMusic */,
			);
		};
/* End PBXProject section */

/* Begin PBXResourcesBuildPhase section */
		C4D8A6412A944D1800B71F22 /* Resources */ = {
			isa = PBXResourcesBuildPhase;
			buildActionMask = 2147483647;
			files = (
				C4D8A6532A944D1900B71F22 /* LaunchScreen.storyboard in Resources */,
				C4D8A6502A944D1900B71F22 /* Assets.xcassets in Resources */,
			);
			runOnlyForDeploymentPostprocessing = 0;
		};
/* End PBXResourcesBuildPhase section */

/* Begin PBXShellScriptBuildPhase section */
		0C6376BA83FDC624C906C52B /* [CP] Check Pods Manifest.lock */ = {
			isa = PBXShellScriptBuildPhase;
			buildActionMask = 2147483647;
			files = (
			);
			inputFileListPaths = (
			);
			inputPaths = (
				"${PODS_PODFILE_DIR_PATH}/Podfile.lock",
				"${PODS_ROOT}/Manifest.lock",
			);
			name = "[CP] Check Pods Manifest.lock";
			outputFileListPaths = (
			);
			outputPaths = (
				"$(DERIVED_FILE_DIR)/Pods-AppMusic-checkManifestLockResult.txt",
			);
			runOnlyForDeploymentPostprocessing = 0;
			shellPath = /bin/sh;
			shellScript = "diff \"${PODS_PODFILE_DIR_PATH}/Podfile.lock\" \"${PODS_ROOT}/Manifest.lock\" > /dev/null\nif [ $? != 0 ] ; then\n    # print error to STDERR\n    echo \"error: The sandbox is not in sync with the Podfile.lock. Run 'pod install' or update your CocoaPods installation.\" >&2\n    exit 1\nfi\n# This output is used by Xcode 'outputs' to avoid re-running this script phase.\necho \"SUCCESS\" > \"${SCRIPT_OUTPUT_FILE_0}\"\n";
			showEnvVarsInLog = 0;
		};
		3DC331BBAC8838614B05A9C7 /* [CP] Embed Pods Frameworks */ = {
			isa = PBXShellScriptBuildPhase;
			buildActionMask = 2147483647;
			files = (
			);
			inputFileListPaths = (
				"${PODS_ROOT}/Target Support Files/Pods-AppMusic/Pods-AppMusic-frameworks-${CONFIGURATION}-input-files.xcfilelist",
			);
			name = "[CP] Embed Pods Frameworks";
			outputFileListPaths = (
				"${PODS_ROOT}/Target Support Files/Pods-AppMusic/Pods-AppMusic-frameworks-${CONFIGURATION}-output-files.xcfilelist",
			);
			runOnlyForDeploymentPostprocessing = 0;
			shellPath = /bin/sh;
			shellScript = "\"${PODS_ROOT}/Target Support Files/Pods-AppMusic/Pods-AppMusic-frameworks.sh\"\n";
			showEnvVarsInLog = 0;
		};
/* End PBXShellScriptBuildPhase section */

/* Begin PBXSourcesBuildPhase section */
		C4D8A63F2A944D1800B71F22 /* Sources */ = {
			isa = PBXSourcesBuildPhase;
			buildActionMask = 2147483647;
			files = (
				C4EF39732A98D04100B3203F /* DetailScreen.swift in Sources */,
				C4D8A6472A944D1800B71F22 /* AppDelegate.swift in Sources */,
				C46BE9F22A9B973F0060BDF7 /* CardViewTableViewCell.swift in Sources */,
				C4EF396D2A98D04100B3203F /* CustomPlayerView.swift in Sources */,
				C4EF39772A98D04100B3203F /* CardViewModel.swift in Sources */,
				C4EF39762A98D04100B3203F /* NSTextAttachment+Extension.swift in Sources */,
				C4EF396F2A98D04100B3203F /* HomeViewControllerScreen.swift in Sources */,
				C4EF39742A98D04100B3203F /* NSAttributedString+Extension.swift in Sources */,
				C4EF396E2A98D04100B3203F /* HomeViewController.swift in Sources */,
				C4EF396C2A98D04100B3203F /* CardActionView.swift in Sources */,
				C4EF39752A98D04100B3203F /* UIView+Extension.swift in Sources */,
				C4EF396B2A98D04100B3203F /* CustomCardView.swift in Sources */,
				C4EF39702A98D04100B3203F /* DetailViewController.swift in Sources */,
				C4EF39722A98D04100B3203F /* DetailTableViewCellScreen.swift in Sources */,
				C4EF396A2A98D04100B3203F /* CustomNavBar.swift in Sources */,
				C4D8A6492A944D1800B71F22 /* SceneDelegate.swift in Sources */,
				C4EF39712A98D04100B3203F /* DetailTableViewCell.swift in Sources */,
			);
			runOnlyForDeploymentPostprocessing = 0;
		};
/* End PBXSourcesBuildPhase section */

/* Begin PBXVariantGroup section */
		C4D8A6512A944D1900B71F22 /* LaunchScreen.storyboard */ = {
			isa = PBXVariantGroup;
			children = (
				C4D8A6522A944D1900B71F22 /* Base */,
			);
			name = LaunchScreen.storyboard;
			sourceTree = "<group>";
		};
/* End PBXVariantGroup section */

/* Begin XCBuildConfiguration section */
		C4D8A6552A944D1900B71F22 /* Debug */ = {
			isa = XCBuildConfiguration;
			buildSettings = {
				ALWAYS_SEARCH_USER_PATHS = NO;
				CLANG_ANALYZER_NONNULL = YES;
				CLANG_ANALYZER_NUMBER_OBJECT_CONVERSION = YES_AGGRESSIVE;
				CLANG_CXX_LANGUAGE_STANDARD = "gnu++20";
				CLANG_ENABLE_MODULES = YES;
				CLANG_ENABLE_OBJC_ARC = YES;
				CLANG_ENABLE_OBJC_WEAK = YES;
				CLANG_WARN_BLOCK_CAPTURE_AUTORELEASING = YES;
				CLANG_WARN_BOOL_CONVERSION = YES;
				CLANG_WARN_COMMA = YES;
				CLANG_WARN_CONSTANT_CONVERSION = YES;
				CLANG_WARN_DEPRECATED_OBJC_IMPLEMENTATIONS = YES;
				CLANG_WARN_DIRECT_OBJC_ISA_USAGE = YES_ERROR;
				CLANG_WARN_DOCUMENTATION_COMMENTS = YES;
				CLANG_WARN_EMPTY_BODY = YES;
				CLANG_WARN_ENUM_CONVERSION = YES;
				CLANG_WARN_INFINITE_RECURSION = YES;
				CLANG_WARN_INT_CONVERSION = YES;
				CLANG_WARN_NON_LITERAL_NULL_CONVERSION = YES;
				CLANG_WARN_OBJC_IMPLICIT_RETAIN_SELF = YES;
				CLANG_WARN_OBJC_LITERAL_CONVERSION = YES;
				CLANG_WARN_OBJC_ROOT_CLASS = YES_ERROR;
				CLANG_WARN_QUOTED_INCLUDE_IN_FRAMEWORK_HEADER = YES;
				CLANG_WARN_RANGE_LOOP_ANALYSIS = YES;
				CLANG_WARN_STRICT_PROTOTYPES = YES;
				CLANG_WARN_SUSPICIOUS_MOVE = YES;
				CLANG_WARN_UNGUARDED_AVAILABILITY = YES_AGGRESSIVE;
				CLANG_WARN_UNREACHABLE_CODE = YES;
				CLANG_WARN__DUPLICATE_METHOD_MATCH = YES;
				COPY_PHASE_STRIP = NO;
				DEBUG_INFORMATION_FORMAT = dwarf;
				ENABLE_STRICT_OBJC_MSGSEND = YES;
				ENABLE_TESTABILITY = YES;
				GCC_C_LANGUAGE_STANDARD = gnu11;
				GCC_DYNAMIC_NO_PIC = NO;
				GCC_NO_COMMON_BLOCKS = YES;
				GCC_OPTIMIZATION_LEVEL = 0;
				GCC_PREPROCESSOR_DEFINITIONS = (
					"DEBUG=1",
					"$(inherited)",
				);
				GCC_WARN_64_TO_32_BIT_CONVERSION = YES;
				GCC_WARN_ABOUT_RETURN_TYPE = YES_ERROR;
				GCC_WARN_UNDECLARED_SELECTOR = YES;
				GCC_WARN_UNINITIALIZED_AUTOS = YES_AGGRESSIVE;
				GCC_WARN_UNUSED_FUNCTION = YES;
				GCC_WARN_UNUSED_VARIABLE = YES;
				IPHONEOS_DEPLOYMENT_TARGET = 16.4;
				MTL_ENABLE_DEBUG_INFO = INCLUDE_SOURCE;
				MTL_FAST_MATH = YES;
				ONLY_ACTIVE_ARCH = YES;
				SDKROOT = iphoneos;
				SWIFT_ACTIVE_COMPILATION_CONDITIONS = DEBUG;
				SWIFT_OPTIMIZATION_LEVEL = "-Onone";
			};
			name = Debug;
		};
		C4D8A6562A944D1900B71F22 /* Release */ = {
			isa = XCBuildConfiguration;
			buildSettings = {
				ALWAYS_SEARCH_USER_PATHS = NO;
				CLANG_ANALYZER_NONNULL = YES;
				CLANG_ANALYZER_NUMBER_OBJECT_CONVERSION = YES_AGGRESSIVE;
				CLANG_CXX_LANGUAGE_STANDARD = "gnu++20";
				CLANG_ENABLE_MODULES = YES;
				CLANG_ENABLE_OBJC_ARC = YES;
				CLANG_ENABLE_OBJC_WEAK = YES;
				CLANG_WARN_BLOCK_CAPTURE_AUTORELEASING = YES;
				CLANG_WARN_BOOL_CONVERSION = YES;
				CLANG_WARN_COMMA = YES;
				CLANG_WARN_CONSTANT_CONVERSION = YES;
				CLANG_WARN_DEPRECATED_OBJC_IMPLEMENTATIONS = YES;
				CLANG_WARN_DIRECT_OBJC_ISA_USAGE = YES_ERROR;
				CLANG_WARN_DOCUMENTATION_COMMENTS = YES;
				CLANG_WARN_EMPTY_BODY = YES;
				CLANG_WARN_ENUM_CONVERSION = YES;
				CLANG_WARN_INFINITE_RECURSION = YES;
				CLANG_WARN_INT_CONVERSION = YES;
				CLANG_WARN_NON_LITERAL_NULL_CONVERSION = YES;
				CLANG_WARN_OBJC_IMPLICIT_RETAIN_SELF = YES;
				CLANG_WARN_OBJC_LITERAL_CONVERSION = YES;
				CLANG_WARN_OBJC_ROOT_CLASS = YES_ERROR;
				CLANG_WARN_QUOTED_INCLUDE_IN_FRAMEWORK_HEADER = YES;
				CLANG_WARN_RANGE_LOOP_ANALYSIS = YES;
				CLANG_WARN_STRICT_PROTOTYPES = YES;
				CLANG_WARN_SUSPICIOUS_MOVE = YES;
				CLANG_WARN_UNGUARDED_AVAILABILITY = YES_AGGRESSIVE;
				CLANG_WARN_UNREACHABLE_CODE = YES;
				CLANG_WARN__DUPLICATE_METHOD_MATCH = YES;
				COPY_PHASE_STRIP = NO;
				DEBUG_INFORMATION_FORMAT = "dwarf-with-dsym";
				ENABLE_NS_ASSERTIONS = NO;
				ENABLE_STRICT_OBJC_MSGSEND = YES;
				GCC_C_LANGUAGE_STANDARD = gnu11;
				GCC_NO_COMMON_BLOCKS = YES;
				GCC_WARN_64_TO_32_BIT_CONVERSION = YES;
				GCC_WARN_ABOUT_RETURN_TYPE = YES_ERROR;
				GCC_WARN_UNDECLARED_SELECTOR = YES;
				GCC_WARN_UNINITIALIZED_AUTOS = YES_AGGRESSIVE;
				GCC_WARN_UNUSED_FUNCTION = YES;
				GCC_WARN_UNUSED_VARIABLE = YES;
				IPHONEOS_DEPLOYMENT_TARGET = 16.4;
				MTL_ENABLE_DEBUG_INFO = NO;
				MTL_FAST_MATH = YES;
				SDKROOT = iphoneos;
				SWIFT_COMPILATION_MODE = wholemodule;
				SWIFT_OPTIMIZATION_LEVEL = "-O";
				VALIDATE_PRODUCT = YES;
			};
			name = Release;
		};
		C4D8A6582A944D1900B71F22 /* Debug */ = {
			isa = XCBuildConfiguration;
			baseConfigurationReference = AD696F05D68B76C0790C659D /* Pods-AppMusic.debug.xcconfig */;
			buildSettings = {
				ASSETCATALOG_COMPILER_APPICON_NAME = AppIcon;
				ASSETCATALOG_COMPILER_GLOBAL_ACCENT_COLOR_NAME = AccentColor;
				CODE_SIGN_STYLE = Automatic;
				CURRENT_PROJECT_VERSION = 1;
				GENERATE_INFOPLIST_FILE = YES;
				INFOPLIST_FILE = AppMusic/Info.plist;
				INFOPLIST_KEY_CFBundleDisplayName = Music;
				INFOPLIST_KEY_UIApplicationSupportsIndirectInputEvents = YES;
				INFOPLIST_KEY_UILaunchStoryboardName = LaunchScreen;
				INFOPLIST_KEY_UIMainStoryboardFile = "";
				INFOPLIST_KEY_UISupportedInterfaceOrientations_iPad = "UIInterfaceOrientationPortrait UIInterfaceOrientationPortraitUpsideDown UIInterfaceOrientationLandscapeLeft UIInterfaceOrientationLandscapeRight";
				INFOPLIST_KEY_UISupportedInterfaceOrientations_iPhone = "UIInterfaceOrientationPortrait UIInterfaceOrientationLandscapeLeft UIInterfaceOrientationLandscapeRight";
				LD_RUNPATH_SEARCH_PATHS = (
					"$(inherited)",
					"@executable_path/Frameworks",
				);
				MARKETING_VERSION = 1.0;
				PRODUCT_BUNDLE_IDENTIFIER = GabrielMors.AppMusic;
				PRODUCT_NAME = "$(TARGET_NAME)";
				SWIFT_EMIT_LOC_STRINGS = YES;
				SWIFT_VERSION = 5.0;
				TARGETED_DEVICE_FAMILY = "1,2";
			};
			name = Debug;
		};
		C4D8A6592A944D1900B71F22 /* Release */ = {
			isa = XCBuildConfiguration;
			baseConfigurationReference = AD6A71F4012319E8CCD4AA73 /* Pods-AppMusic.release.xcconfig */;
			buildSettings = {
				ASSETCATALOG_COMPILER_APPICON_NAME = AppIcon;
				ASSETCATALOG_COMPILER_GLOBAL_ACCENT_COLOR_NAME = AccentColor;
				CODE_SIGN_STYLE = Automatic;
				CURRENT_PROJECT_VERSION = 1;
				GENERATE_INFOPLIST_FILE = YES;
				INFOPLIST_FILE = AppMusic/Info.plist;
				INFOPLIST_KEY_CFBundleDisplayName = Music;
				INFOPLIST_KEY_UIApplicationSupportsIndirectInputEvents = YES;
				INFOPLIST_KEY_UILaunchStoryboardName = LaunchScreen;
				INFOPLIST_KEY_UIMainStoryboardFile = "";
				INFOPLIST_KEY_UISupportedInterfaceOrientations_iPad = "UIInterfaceOrientationPortrait UIInterfaceOrientationPortraitUpsideDown UIInterfaceOrientationLandscapeLeft UIInterfaceOrientationLandscapeRight";
				INFOPLIST_KEY_UISupportedInterfaceOrientations_iPhone = "UIInterfaceOrientationPortrait UIInterfaceOrientationLandscapeLeft UIInterfaceOrientationLandscapeRight";
				LD_RUNPATH_SEARCH_PATHS = (
					"$(inherited)",
					"@executable_path/Frameworks",
				);
				MARKETING_VERSION = 1.0;
				PRODUCT_BUNDLE_IDENTIFIER = GabrielMors.AppMusic;
				PRODUCT_NAME = "$(TARGET_NAME)";
				SWIFT_EMIT_LOC_STRINGS = YES;
				SWIFT_VERSION = 5.0;
				TARGETED_DEVICE_FAMILY = "1,2";
			};
			name = Release;
		};
/* End XCBuildConfiguration section */

/* Begin XCConfigurationList section */
		C4D8A63E2A944D1700B71F22 /* Build configuration list for PBXProject "AppMusic" */ = {
			isa = XCConfigurationList;
			buildConfigurations = (
				C4D8A6552A944D1900B71F22 /* Debug */,
				C4D8A6562A944D1900B71F22 /* Release */,
			);
			defaultConfigurationIsVisible = 0;
			defaultConfigurationName = Release;
		};
		C4D8A6572A944D1900B71F22 /* Build configuration list for PBXNativeTarget "AppMusic" */ = {
			isa = XCConfigurationList;
			buildConfigurations = (
				C4D8A6582A944D1900B71F22 /* Debug */,
				C4D8A6592A944D1900B71F22 /* Release */,
			);
			defaultConfigurationIsVisible = 0;
			defaultConfigurationName = Release;
		};
/* End XCConfigurationList section */
	};
	rootObject = C4D8A63B2A944D1700B71F22 /* Project object */;
}
